
Microsoft Visual Studio Solution File, Format Version 12.00
# Visual Studio 15
VisualStudioVersion = 15.0.28307.329
MinimumVisualStudioVersion = 10.0.40219.1
Project("{FAE04EC0-301F-11D3-BF4B-00C04F79EFBC}") = "GymManagement", "GymManagement\GymManagement.csproj", "{B72F9E7A-CB78-4BC4-B442-56DE9D8539F8}"
EndProject
Project("{54435603-DBB4-11D2-8724-00A0C9A8B90C}") = "GymManagementSetup", "GymManagementSetup\GymManagementSetup.vdproj", "{2F2969A1-0016-47C3-B556-BAD8B81FDB4D}"
EndProject
Global
	GlobalSection(SolutionConfigurationPlatforms) = preSolution
		Debug|Any CPU = Debug|Any CPU
		Release|Any CPU = Release|Any CPU
	EndGlobalSection
	GlobalSection(ProjectConfigurationPlatforms) = postSolution
		{B72F9E7A-CB78-4BC4-B442-56DE9D8539F8}.Debug|Any CPU.ActiveCfg = Debug|Any CPU
		{B72F9E7A-CB78-4BC4-B442-56DE9D8539F8}.Debug|Any CPU.Build.0 = Debug|Any CPU
		{B72F9E7A-CB78-4BC4-B442-56DE9D8539F8}.Release|Any CPU.ActiveCfg = Release|Any CPU
		{B72F9E7A-CB78-4BC4-B442-56DE9D8539F8}.Release|Any CPU.Build.0 = Release|Any CPU
		{2F2969A1-0016-47C3-B556-BAD8B81FDB4D}.Debug|Any CPU.ActiveCfg = Debug
		{2F2969A1-0016-47C3-B556-BAD8B81FDB4D}.Release|Any CPU.ActiveCfg = Release
	EndGlobalSection
	GlobalSection(SolutionProperties) = preSolution
		HideSolutionNode = FALSE
	EndGlobalSection
	GlobalSection(ExtensibilityGlobals) = postSolution
		SolutionGuid = {01E4B72E-5345-4F5C-9F85-9C975DB19D7A}
	EndGlobalSection
EndGlobal
